
Microsoft Visual Studio Solution File, Format Version 12.00
# Visual Studio 14
VisualStudioVersion = 14.0.25420.1
MinimumVisualStudioVersion = 10.0.40219.1
Project("{2150E333-8FDC-42A3-9474-1A3956D46DE8}") = "BL", "BL", "{EDE5F787-5A8D-4E3A-8155-7F2DB4BF96FD}"
EndProject
Project("{FAE04EC0-301F-11D3-BF4B-00C04F79EFBC}") = "GSI.BL.ViewModelLayer", "GSI.BL.ViewModelLayer\GSI.BL.ViewModelLayer.csproj", "{36F70B07-DB79-4E95-8759-F012BE94866F}"
EndProject
Project("{FAE04EC0-301F-11D3-BF4B-00C04F79EFBC}") = "WebApplication1", "WebApplication1\WebApplication1.csproj", "{B9DF1C4A-08A7-44DC-9E71-0D04D8F1CE42}"
EndProject
Project("{2150E333-8FDC-42A3-9474-1A3956D46DE8}") = "DAL", "DAL", "{256A39CA-7F7A-4EEB-9331-97F83134B260}"
EndProject
Project("{FAE04EC0-301F-11D3-BF4B-00C04F79EFBC}") = "GSI.DAL.DataAccessLayer", "GSI.DAL.DataAccessLayer\GSI.DAL.DataAccessLayer\GSI.DAL.DataAccessLayer.csproj", "{2B2AA96D-3E0E-44B4-804B-E45FBD74BD69}"
EndProject
Project("{2150E333-8FDC-42A3-9474-1A3956D46DE8}") = "Base.DAL", "Base.DAL", "{D6962CA7-18EB-4341-B95F-E7EF8FAA9341}"
EndProject
Project("{FAE04EC0-301F-11D3-BF4B-00C04F79EFBC}") = "BaseDAL", "Base.DAL\BaseDAL\BaseDAL.csproj", "{8509A6E5-7D70-4F73-B6C0-8A8F70D88926}"
EndProject
Project("{FAE04EC0-301F-11D3-BF4B-00C04F79EFBC}") = "GSI.DAL.DataAccessLayer.Test", "GSI.DAL.DataAccessLayer\GSI.DAL.DataAccessLayer.Test\GSI.DAL.DataAccessLayer.Test.csproj", "{CF07B023-B1A2-441D-A823-E8A00567C60C}"
EndProject
Project("{FAE04EC0-301F-11D3-BF4B-00C04F79EFBC}") = "GSI.BL.ViewModelLayer.Test", "GSI.BL.ViewModelLayer\GSI.BL.ViewModelLayer.Test\GSI.BL.ViewModelLayer.Test.csproj", "{B79F5062-E054-4122-9717-B0B3609F50FC}"
EndProject
Global
	GlobalSection(SolutionConfigurationPlatforms) = preSolution
		Debug|Any CPU = Debug|Any CPU
		Debug|ARM = Debug|ARM
		Debug|x64 = Debug|x64
		Debug|x86 = Debug|x86
		Release|Any CPU = Release|Any CPU
		Release|ARM = Release|ARM
		Release|x64 = Release|x64
		Release|x86 = Release|x86
	EndGlobalSection
	GlobalSection(ProjectConfigurationPlatforms) = postSolution
		{36F70B07-DB79-4E95-8759-F012BE94866F}.Debug|Any CPU.ActiveCfg = Debug|Any CPU
		{36F70B07-DB79-4E95-8759-F012BE94866F}.Debug|Any CPU.Build.0 = Debug|Any CPU
		{36F70B07-DB79-4E95-8759-F012BE94866F}.Debug|ARM.ActiveCfg = Debug|Any CPU
		{36F70B07-DB79-4E95-8759-F012BE94866F}.Debug|ARM.Build.0 = Debug|Any CPU
		{36F70B07-DB79-4E95-8759-F012BE94866F}.Debug|x64.ActiveCfg = Debug|Any CPU
		{36F70B07-DB79-4E95-8759-F012BE94866F}.Debug|x64.Build.0 = Debug|Any CPU
		{36F70B07-DB79-4E95-8759-F012BE94866F}.Debug|x86.ActiveCfg = Debug|Any CPU
		{36F70B07-DB79-4E95-8759-F012BE94866F}.Debug|x86.Build.0 = Debug|Any CPU
		{36F70B07-DB79-4E95-8759-F012BE94866F}.Release|Any CPU.ActiveCfg = Release|Any CPU
		{36F70B07-DB79-4E95-8759-F012BE94866F}.Release|Any CPU.Build.0 = Release|Any CPU
		{36F70B07-DB79-4E95-8759-F012BE94866F}.Release|ARM.ActiveCfg = Release|Any CPU
		{36F70B07-DB79-4E95-8759-F012BE94866F}.Release|ARM.Build.0 = Release|Any CPU
		{36F70B07-DB79-4E95-8759-F012BE94866F}.Release|x64.ActiveCfg = Release|Any CPU
		{36F70B07-DB79-4E95-8759-F012BE94866F}.Release|x64.Build.0 = Release|Any CPU
		{36F70B07-DB79-4E95-8759-F012BE94866F}.Release|x86.ActiveCfg = Release|Any CPU
		{36F70B07-DB79-4E95-8759-F012BE94866F}.Release|x86.Build.0 = Release|Any CPU
		{B9DF1C4A-08A7-44DC-9E71-0D04D8F1CE42}.Debug|Any CPU.ActiveCfg = Debug|Any CPU
		{B9DF1C4A-08A7-44DC-9E71-0D04D8F1CE42}.Debug|Any CPU.Build.0 = Debug|Any CPU
		{B9DF1C4A-08A7-44DC-9E71-0D04D8F1CE42}.Debug|ARM.ActiveCfg = Debug|Any CPU
		{B9DF1C4A-08A7-44DC-9E71-0D04D8F1CE42}.Debug|ARM.Build.0 = Debug|Any CPU
		{B9DF1C4A-08A7-44DC-9E71-0D04D8F1CE42}.Debug|x64.ActiveCfg = Debug|Any CPU
		{B9DF1C4A-08A7-44DC-9E71-0D04D8F1CE42}.Debug|x64.Build.0 = Debug|Any CPU
		{B9DF1C4A-08A7-44DC-9E71-0D04D8F1CE42}.Debug|x86.ActiveCfg = Debug|Any CPU
		{B9DF1C4A-08A7-44DC-9E71-0D04D8F1CE42}.Debug|x86.Build.0 = Debug|Any CPU
		{B9DF1C4A-08A7-44DC-9E71-0D04D8F1CE42}.Release|Any CPU.ActiveCfg = Release|Any CPU
		{B9DF1C4A-08A7-44DC-9E71-0D04D8F1CE42}.Release|Any CPU.Build.0 = Release|Any CPU
		{B9DF1C4A-08A7-44DC-9E71-0D04D8F1CE42}.Release|ARM.ActiveCfg = Release|Any CPU
		{B9DF1C4A-08A7-44DC-9E71-0D04D8F1CE42}.Release|ARM.Build.0 = Release|Any CPU
		{B9DF1C4A-08A7-44DC-9E71-0D04D8F1CE42}.Release|x64.ActiveCfg = Release|Any CPU
		{B9DF1C4A-08A7-44DC-9E71-0D04D8F1CE42}.Release|x64.Build.0 = Release|Any CPU
		{B9DF1C4A-08A7-44DC-9E71-0D04D8F1CE42}.Release|x86.ActiveCfg = Release|Any CPU
		{B9DF1C4A-08A7-44DC-9E71-0D04D8F1CE42}.Release|x86.Build.0 = Release|Any CPU
		{2B2AA96D-3E0E-44B4-804B-E45FBD74BD69}.Debug|Any CPU.ActiveCfg = Debug|Any CPU
		{2B2AA96D-3E0E-44B4-804B-E45FBD74BD69}.Debug|Any CPU.Build.0 = Debug|Any CPU
		{2B2AA96D-3E0E-44B4-804B-E45FBD74BD69}.Debug|ARM.ActiveCfg = Debug|Any CPU
		{2B2AA96D-3E0E-44B4-804B-E45FBD74BD69}.Debug|ARM.Build.0 = Debug|Any CPU
		{2B2AA96D-3E0E-44B4-804B-E45FBD74BD69}.Debug|x64.ActiveCfg = Debug|Any CPU
		{2B2AA96D-3E0E-44B4-804B-E45FBD74BD69}.Debug|x64.Build.0 = Debug|Any CPU
		{2B2AA96D-3E0E-44B4-804B-E45FBD74BD69}.Debug|x86.ActiveCfg = Debug|Any CPU
		{2B2AA96D-3E0E-44B4-804B-E45FBD74BD69}.Debug|x86.Build.0 = Debug|Any CPU
		{2B2AA96D-3E0E-44B4-804B-E45FBD74BD69}.Release|Any CPU.ActiveCfg = Release|Any CPU
		{2B2AA96D-3E0E-44B4-804B-E45FBD74BD69}.Release|Any CPU.Build.0 = Release|Any CPU
		{2B2AA96D-3E0E-44B4-804B-E45FBD74BD69}.Release|ARM.ActiveCfg = Release|Any CPU
		{2B2AA96D-3E0E-44B4-804B-E45FBD74BD69}.Release|ARM.Build.0 = Release|Any CPU
		{2B2AA96D-3E0E-44B4-804B-E45FBD74BD69}.Release|x64.ActiveCfg = Release|Any CPU
		{2B2AA96D-3E0E-44B4-804B-E45FBD74BD69}.Release|x64.Build.0 = Release|Any CPU
		{2B2AA96D-3E0E-44B4-804B-E45FBD74BD69}.Release|x86.ActiveCfg = Release|Any CPU
		{2B2AA96D-3E0E-44B4-804B-E45FBD74BD69}.Release|x86.Build.0 = Release|Any CPU
		{8509A6E5-7D70-4F73-B6C0-8A8F70D88926}.Debug|Any CPU.ActiveCfg = Debug|Any CPU
		{8509A6E5-7D70-4F73-B6C0-8A8F70D88926}.Debug|Any CPU.Build.0 = Debug|Any CPU
		{8509A6E5-7D70-4F73-B6C0-8A8F70D88926}.Debug|ARM.ActiveCfg = Debug|Any CPU
		{8509A6E5-7D70-4F73-B6C0-8A8F70D88926}.Debug|ARM.Build.0 = Debug|Any CPU
		{8509A6E5-7D70-4F73-B6C0-8A8F70D88926}.Debug|x64.ActiveCfg = Debug|Any CPU
		{8509A6E5-7D70-4F73-B6C0-8A8F70D88926}.Debug|x64.Build.0 = Debug|Any CPU
		{8509A6E5-7D70-4F73-B6C0-8A8F70D88926}.Debug|x86.ActiveCfg = Debug|Any CPU
		{8509A6E5-7D70-4F73-B6C0-8A8F70D88926}.Debug|x86.Build.0 = Debug|Any CPU
		{8509A6E5-7D70-4F73-B6C0-8A8F70D88926}.Release|Any CPU.ActiveCfg = Release|Any CPU
		{8509A6E5-7D70-4F73-B6C0-8A8F70D88926}.Release|Any CPU.Build.0 = Release|Any CPU
		{8509A6E5-7D70-4F73-B6C0-8A8F70D88926}.Release|ARM.ActiveCfg = Release|Any CPU
		{8509A6E5-7D70-4F73-B6C0-8A8F70D88926}.Release|ARM.Build.0 = Release|Any CPU
		{8509A6E5-7D70-4F73-B6C0-8A8F70D88926}.Release|x64.ActiveCfg = Release|Any CPU
		{8509A6E5-7D70-4F73-B6C0-8A8F70D88926}.Release|x64.Build.0 = Release|Any CPU
		{8509A6E5-7D70-4F73-B6C0-8A8F70D88926}.Release|x86.ActiveCfg = Release|Any CPU
		{8509A6E5-7D70-4F73-B6C0-8A8F70D88926}.Release|x86.Build.0 = Release|Any CPU
		{CF07B023-B1A2-441D-A823-E8A00567C60C}.Debug|Any CPU.ActiveCfg = Debug|Any CPU
		{CF07B023-B1A2-441D-A823-E8A00567C60C}.Debug|Any CPU.Build.0 = Debug|Any CPU
		{CF07B023-B1A2-441D-A823-E8A00567C60C}.Debug|ARM.ActiveCfg = Debug|Any CPU
		{CF07B023-B1A2-441D-A823-E8A00567C60C}.Debug|ARM.Build.0 = Debug|Any CPU
		{CF07B023-B1A2-441D-A823-E8A00567C60C}.Debug|x64.ActiveCfg = Debug|Any CPU
		{CF07B023-B1A2-441D-A823-E8A00567C60C}.Debug|x64.Build.0 = Debug|Any CPU
		{CF07B023-B1A2-441D-A823-E8A00567C60C}.Debug|x86.ActiveCfg = Debug|Any CPU
		{CF07B023-B1A2-441D-A823-E8A00567C60C}.Debug|x86.Build.0 = Debug|Any CPU
		{CF07B023-B1A2-441D-A823-E8A00567C60C}.Release|Any CPU.ActiveCfg = Release|Any CPU
		{CF07B023-B1A2-441D-A823-E8A00567C60C}.Release|Any CPU.Build.0 = Release|Any CPU
		{CF07B023-B1A2-441D-A823-E8A00567C60C}.Release|ARM.ActiveCfg = Release|Any CPU
		{CF07B023-B1A2-441D-A823-E8A00567C60C}.Release|ARM.Build.0 = Release|Any CPU
		{CF07B023-B1A2-441D-A823-E8A00567C60C}.Release|x64.ActiveCfg = Release|Any CPU
		{CF07B023-B1A2-441D-A823-E8A00567C60C}.Release|x64.Build.0 = Release|Any CPU
		{CF07B023-B1A2-441D-A823-E8A00567C60C}.Release|x86.ActiveCfg = Release|Any CPU
		{CF07B023-B1A2-441D-A823-E8A00567C60C}.Release|x86.Build.0 = Release|Any CPU
		{B79F5062-E054-4122-9717-B0B3609F50FC}.Debug|Any CPU.ActiveCfg = Debug|Any CPU
		{B79F5062-E054-4122-9717-B0B3609F50FC}.Debug|Any CPU.Build.0 = Debug|Any CPU
		{B79F5062-E054-4122-9717-B0B3609F50FC}.Debug|ARM.ActiveCfg = Debug|Any CPU
		{B79F5062-E054-4122-9717-B0B3609F50FC}.Debug|ARM.Build.0 = Debug|Any CPU
		{B79F5062-E054-4122-9717-B0B3609F50FC}.Debug|x64.ActiveCfg = Debug|Any CPU
		{B79F5062-E054-4122-9717-B0B3609F50FC}.Debug|x64.Build.0 = Debug|Any CPU
		{B79F5062-E054-4122-9717-B0B3609F50FC}.Debug|x86.ActiveCfg = Debug|Any CPU
		{B79F5062-E054-4122-9717-B0B3609F50FC}.Debug|x86.Build.0 = Debug|Any CPU
		{B79F5062-E054-4122-9717-B0B3609F50FC}.Release|Any CPU.ActiveCfg = Release|Any CPU
		{B79F5062-E054-4122-9717-B0B3609F50FC}.Release|Any CPU.Build.0 = Release|Any CPU
		{B79F5062-E054-4122-9717-B0B3609F50FC}.Release|ARM.ActiveCfg = Release|Any CPU
		{B79F5062-E054-4122-9717-B0B3609F50FC}.Release|ARM.Build.0 = Release|Any CPU
		{B79F5062-E054-4122-9717-B0B3609F50FC}.Release|x64.ActiveCfg = Release|Any CPU
		{B79F5062-E054-4122-9717-B0B3609F50FC}.Release|x64.Build.0 = Release|Any CPU
		{B79F5062-E054-4122-9717-B0B3609F50FC}.Release|x86.ActiveCfg = Release|Any CPU
		{B79F5062-E054-4122-9717-B0B3609F50FC}.Release|x86.Build.0 = Release|Any CPU
	EndGlobalSection
	GlobalSection(SolutionProperties) = preSolution
		HideSolutionNode = FALSE
	EndGlobalSection
	GlobalSection(NestedProjects) = preSolution
		{36F70B07-DB79-4E95-8759-F012BE94866F} = {EDE5F787-5A8D-4E3A-8155-7F2DB4BF96FD}
		{2B2AA96D-3E0E-44B4-804B-E45FBD74BD69} = {256A39CA-7F7A-4EEB-9331-97F83134B260}
		{8509A6E5-7D70-4F73-B6C0-8A8F70D88926} = {D6962CA7-18EB-4341-B95F-E7EF8FAA9341}
		{CF07B023-B1A2-441D-A823-E8A00567C60C} = {256A39CA-7F7A-4EEB-9331-97F83134B260}
		{B79F5062-E054-4122-9717-B0B3609F50FC} = {EDE5F787-5A8D-4E3A-8155-7F2DB4BF96FD}
	EndGlobalSection
EndGlobal
